
Microsoft Visual Studio Solution File, Format Version 12.00
# Visual Studio Version 16
VisualStudioVersion = 16.0.30011.22
MinimumVisualStudioVersion = 10.0.40219.1
Project("{9A19103F-16F7-4668-BE54-9A1E7A4F7556}") = "Lab 2", "Lab 2\Lab 2.csproj", "{8FAFC2C6-666F-446D-8636-13FEE75E6D72}"
EndProject
Project("{2150E333-8FDC-42A3-9474-1A3956D46DE8}") = "Solution Items", "Solution Items", "{07C9638C-FE13-43FF-8109-8E39EE920C0C}"
	ProjectSection(SolutionItems) = preProject
		.travis.yml = .travis.yml
	EndProjectSection
EndProject
Global
	GlobalSection(SolutionConfigurationPlatforms) = preSolution
		Debug|Any CPU = Debug|Any CPU
		Release|Any CPU = Release|Any CPU
	EndGlobalSection
	GlobalSection(ProjectConfigurationPlatforms) = postSolution
		{8FAFC2C6-666F-446D-8636-13FEE75E6D72}.Debug|Any CPU.ActiveCfg = Debug|Any CPU
		{8FAFC2C6-666F-446D-8636-13FEE75E6D72}.Debug|Any CPU.Build.0 = Debug|Any CPU
		{8FAFC2C6-666F-446D-8636-13FEE75E6D72}.Release|Any CPU.ActiveCfg = Release|Any CPU
		{8FAFC2C6-666F-446D-8636-13FEE75E6D72}.Release|Any CPU.Build.0 = Release|Any CPU
	EndGlobalSection
	GlobalSection(SolutionProperties) = preSolution
		HideSolutionNode = FALSE
	EndGlobalSection
	GlobalSection(ExtensibilityGlobals) = postSolution
		SolutionGuid = {E1E73215-3BC5-460E-9BB9-A292664B727A}
	EndGlobalSection
EndGlobal
